
Microsoft Visual Studio Solution File, Format Version 12.00
# Visual Studio Version 16
VisualStudioVersion = 16.0.31729.503
MinimumVisualStudioVersion = 10.0.40219.1
Project("{FAE04EC0-301F-11D3-BF4B-00C04F79EFBC}") = "LabdaLabirintus", "LabdaLabirintus\LabdaLabirintus.csproj", "{FF1A6287-4488-4C57-B8CA-6C238834D27A}"
EndProject
Project("{FAE04EC0-301F-11D3-BF4B-00C04F79EFBC}") = "LabdaLabirintusUnitTeszt", "LabdaLabirintusUnitTeszt\LabdaLabirintusUnitTeszt.csproj", "{91A391A0-A73F-4367-ABEE-D0530BCECF0D}"
EndProject
Global
	GlobalSection(SolutionConfigurationPlatforms) = preSolution
		Debug|Any CPU = Debug|Any CPU
		Release|Any CPU = Release|Any CPU
	EndGlobalSection
	GlobalSection(ProjectConfigurationPlatforms) = postSolution
		{FF1A6287-4488-4C57-B8CA-6C238834D27A}.Debug|Any CPU.ActiveCfg = Debug|Any CPU
		{FF1A6287-4488-4C57-B8CA-6C238834D27A}.Debug|Any CPU.Build.0 = Debug|Any CPU
		{FF1A6287-4488-4C57-B8CA-6C238834D27A}.Release|Any CPU.ActiveCfg = Release|Any CPU
		{FF1A6287-4488-4C57-B8CA-6C238834D27A}.Release|Any CPU.Build.0 = Release|Any CPU
		{91A391A0-A73F-4367-ABEE-D0530BCECF0D}.Debug|Any CPU.ActiveCfg = Debug|Any CPU
		{91A391A0-A73F-4367-ABEE-D0530BCECF0D}.Debug|Any CPU.Build.0 = Debug|Any CPU
		{91A391A0-A73F-4367-ABEE-D0530BCECF0D}.Release|Any CPU.ActiveCfg = Release|Any CPU
		{91A391A0-A73F-4367-ABEE-D0530BCECF0D}.Release|Any CPU.Build.0 = Release|Any CPU
	EndGlobalSection
	GlobalSection(SolutionProperties) = preSolution
		HideSolutionNode = FALSE
	EndGlobalSection
	GlobalSection(ExtensibilityGlobals) = postSolution
		SolutionGuid = {16DD0AC9-9463-4473-B02D-18BDE415826B}
	EndGlobalSection
EndGlobal
